
Microsoft Visual Studio Solution File, Format Version 12.00
# Visual Studio Version 17
VisualStudioVersion = 17.3.32929.385
MinimumVisualStudioVersion = 10.0.40219.1
Project("{FAE04EC0-301F-11D3-BF4B-00C04F79EFBC}") = "Week44MiniProject", "Week44MiniProject\Week44MiniProject.csproj", "{E4F6C75F-373D-4981-BD88-F6FA97C2A4F0}"
EndProject
Global
	GlobalSection(SolutionConfigurationPlatforms) = preSolution
		Debug|Any CPU = Debug|Any CPU
		Release|Any CPU = Release|Any CPU
	EndGlobalSection
	GlobalSection(ProjectConfigurationPlatforms) = postSolution
		{E4F6C75F-373D-4981-BD88-F6FA97C2A4F0}.Debug|Any CPU.ActiveCfg = Debug|Any CPU
		{E4F6C75F-373D-4981-BD88-F6FA97C2A4F0}.Debug|Any CPU.Build.0 = Debug|Any CPU
		{E4F6C75F-373D-4981-BD88-F6FA97C2A4F0}.Release|Any CPU.ActiveCfg = Release|Any CPU
		{E4F6C75F-373D-4981-BD88-F6FA97C2A4F0}.Release|Any CPU.Build.0 = Release|Any CPU
	EndGlobalSection
	GlobalSection(SolutionProperties) = preSolution
		HideSolutionNode = FALSE
	EndGlobalSection
	GlobalSection(ExtensibilityGlobals) = postSolution
		SolutionGuid = {3BD9DA2F-4AA9-4DA6-BFB9-9761D860A8D9}
	EndGlobalSection
EndGlobal
